
Microsoft Visual Studio Solution File, Format Version 12.00
# Visual Studio Version 16
VisualStudioVersion = 16.0.30907.101
MinimumVisualStudioVersion = 10.0.40219.1
Project("{FAE04EC0-301F-11D3-BF4B-00C04F79EFBC}") = "G6E2", "G6E2\G6E2.csproj", "{CF140BEB-8F77-41F1-9094-7A2DCDE16F6C}"
EndProject
Global
	GlobalSection(SolutionConfigurationPlatforms) = preSolution
		Debug|Any CPU = Debug|Any CPU
		Release|Any CPU = Release|Any CPU
	EndGlobalSection
	GlobalSection(ProjectConfigurationPlatforms) = postSolution
		{CF140BEB-8F77-41F1-9094-7A2DCDE16F6C}.Debug|Any CPU.ActiveCfg = Debug|Any CPU
		{CF140BEB-8F77-41F1-9094-7A2DCDE16F6C}.Debug|Any CPU.Build.0 = Debug|Any CPU
		{CF140BEB-8F77-41F1-9094-7A2DCDE16F6C}.Release|Any CPU.ActiveCfg = Release|Any CPU
		{CF140BEB-8F77-41F1-9094-7A2DCDE16F6C}.Release|Any CPU.Build.0 = Release|Any CPU
	EndGlobalSection
	GlobalSection(SolutionProperties) = preSolution
		HideSolutionNode = FALSE
	EndGlobalSection
	GlobalSection(ExtensibilityGlobals) = postSolution
		SolutionGuid = {C2667EAB-1999-4686-B025-545F2E149E6B}
	EndGlobalSection
EndGlobal
